
Microsoft Visual Studio Solution File, Format Version 12.00
# Visual Studio Version 17
VisualStudioVersion = 17.2.32802.462
MinimumVisualStudioVersion = 10.0.40219.1
Project("{9A19103F-16F7-4668-BE54-9A1E7A4F7556}") = "ContainerWebApiSimple", "ContainerWebApiSimple.csproj", "{31648DDB-72E6-4E86-BC53-E07D2C843D1A}"
EndProject
Project("{9A19103F-16F7-4668-BE54-9A1E7A4F7556}") = "UA.WebApi", "UA.WebApi\UA.WebApi.csproj", "{E46D6B5B-6C8D-46FA-AE96-BB4A4EFB161F}"
EndProject
Global
	GlobalSection(SolutionConfigurationPlatforms) = preSolution
		Debug|Any CPU = Debug|Any CPU
		Release|Any CPU = Release|Any CPU
	EndGlobalSection
	GlobalSection(ProjectConfigurationPlatforms) = postSolution
		{31648DDB-72E6-4E86-BC53-E07D2C843D1A}.Debug|Any CPU.ActiveCfg = Debug|Any CPU
		{31648DDB-72E6-4E86-BC53-E07D2C843D1A}.Debug|Any CPU.Build.0 = Debug|Any CPU
		{31648DDB-72E6-4E86-BC53-E07D2C843D1A}.Release|Any CPU.ActiveCfg = Release|Any CPU
		{31648DDB-72E6-4E86-BC53-E07D2C843D1A}.Release|Any CPU.Build.0 = Release|Any CPU
		{E46D6B5B-6C8D-46FA-AE96-BB4A4EFB161F}.Debug|Any CPU.ActiveCfg = Debug|Any CPU
		{E46D6B5B-6C8D-46FA-AE96-BB4A4EFB161F}.Debug|Any CPU.Build.0 = Debug|Any CPU
		{E46D6B5B-6C8D-46FA-AE96-BB4A4EFB161F}.Release|Any CPU.ActiveCfg = Release|Any CPU
		{E46D6B5B-6C8D-46FA-AE96-BB4A4EFB161F}.Release|Any CPU.Build.0 = Release|Any CPU
	EndGlobalSection
	GlobalSection(SolutionProperties) = preSolution
		HideSolutionNode = FALSE
	EndGlobalSection
	GlobalSection(ExtensibilityGlobals) = postSolution
		SolutionGuid = {F588F6EB-7597-4B84-8703-B381504424EA}
	EndGlobalSection
EndGlobal
